// !$*UTF8*$!
{
	archiveVersion = 1;
	classes = {
	};
	objectVersion = 51;
	objects = {

/* Begin PBXBuildFile section */
		1D82116426F86D00007630FB /* Localizable.strings in Resources */ = {isa = PBXBuildFile; fileRef = 1D82116626F86D00007630FB /* Localizable.strings */; };
		1DEE803F26F826390008F3C2 /* AppDelegate.swift in Sources */ = {isa = PBXBuildFile; fileRef = 1DEE803E26F826390008F3C2 /* AppDelegate.swift */; };
		1DEE804126F826390008F3C2 /* SceneDelegate.swift in Sources */ = {isa = PBXBuildFile; fileRef = 1DEE804026F826390008F3C2 /* SceneDelegate.swift */; };
		1DEE804326F826390008F3C2 /* ViewController.swift in Sources */ = {isa = PBXBuildFile; fileRef = 1DEE804226F826390008F3C2 /* ViewController.swift */; };
		1DEE804626F826390008F3C2 /* Main.storyboard in Resources */ = {isa = PBXBuildFile; fileRef = 1DEE804426F826390008F3C2 /* Main.storyboard */; };
		1DEE804826F8263A0008F3C2 /* Assets.xcassets in Resources */ = {isa = PBXBuildFile; fileRef = 1DEE804726F8263A0008F3C2 /* Assets.xcassets */; };
		1DEE804B26F8263A0008F3C2 /* LaunchScreen.storyboard in Resources */ = {isa = PBXBuildFile; fileRef = 1DEE804926F8263A0008F3C2 /* LaunchScreen.storyboard */; };
		1DEE805626F8263A0008F3C2 /* demoTests.swift in Sources */ = {isa = PBXBuildFile; fileRef = 1DEE805526F8263A0008F3C2 /* demoTests.swift */; };
		1DEE806126F8263A0008F3C2 /* demoUITests.swift in Sources */ = {isa = PBXBuildFile; fileRef = 1DEE806026F8263A0008F3C2 /* demoUITests.swift */; };
		CF969F16B44672F33530DBB0 /* Pods_demo.framework in Frameworks */ = {isa = PBXBuildFile; fileRef = FCE615676CF6C8A591953A4A /* Pods_demo.framework */; };
/* End PBXBuildFile section */

/* Begin PBXContainerItemProxy section */
		1DEE805226F8263A0008F3C2 /* PBXContainerItemProxy */ = {
			isa = PBXContainerItemProxy;
			containerPortal = 1DEE803326F826390008F3C2 /* Project object */;
			proxyType = 1;
			remoteGlobalIDString = 1DEE803A26F826390008F3C2;
			remoteInfo = demo;
		};
		1DEE805D26F8263A0008F3C2 /* PBXContainerItemProxy */ = {
			isa = PBXContainerItemProxy;
			containerPortal = 1DEE803326F826390008F3C2 /* Project object */;
			proxyType = 1;
			remoteGlobalIDString = 1DEE803A26F826390008F3C2;
			remoteInfo = demo;
		};
/* End PBXContainerItemProxy section */

/* Begin PBXFileReference section */
		1D82116226F86CF6007630FB /* zh-Hans */ = {isa = PBXFileReference; lastKnownFileType = text.plist.strings; name = "zh-Hans"; path = "zh-Hans.lproj/Main.strings"; sourceTree = "<group>"; };
		1D82116326F86CF6007630FB /* zh-Hans */ = {isa = PBXFileReference; lastKnownFileType = text.plist.strings; name = "zh-Hans"; path = "zh-Hans.lproj/LaunchScreen.strings"; sourceTree = "<group>"; };
		1D82116526F86D00007630FB /* en */ = {isa = PBXFileReference; lastKnownFileType = text.plist.strings; name = en; path = en.lproj/Localizable.strings; sourceTree = "<group>"; };
		1D82116726F86D04007630FB /* zh-Hans */ = {isa = PBXFileReference; lastKnownFileType = text.plist.strings; name = "zh-Hans"; path = "zh-Hans.lproj/Localizable.strings"; sourceTree = "<group>"; };
		1DEE803B26F826390008F3C2 /* demo.app */ = {isa = PBXFileReference; explicitFileType = wrapper.application; includeInIndex = 0; path = demo.app; sourceTree = BUILT_PRODUCTS_DIR; };
		1DEE803E26F826390008F3C2 /* AppDelegate.swift */ = {isa = PBXFileReference; lastKnownFileType = sourcecode.swift; path = AppDelegate.swift; sourceTree = "<group>"; };
		1DEE804026F826390008F3C2 /* SceneDelegate.swift */ = {isa = PBXFileReference; lastKnownFileType = sourcecode.swift; path = SceneDelegate.swift; sourceTree = "<group>"; };
		1DEE804226F826390008F3C2 /* ViewController.swift */ = {isa = PBXFileReference; lastKnownFileType = sourcecode.swift; path = ViewController.swift; sourceTree = "<group>"; };
		1DEE804526F826390008F3C2 /* Base */ = {isa = PBXFileReference; lastKnownFileType = file.storyboard; name = Base; path = Base.lproj/Main.storyboard; sourceTree = "<group>"; };
		1DEE804726F8263A0008F3C2 /* Assets.xcassets */ = {isa = PBXFileReference; lastKnownFileType = folder.assetcatalog; path = Assets.xcassets; sourceTree = "<group>"; };
		1DEE804A26F8263A0008F3C2 /* Base */ = {isa = PBXFileReference; lastKnownFileType = file.storyboard; name = Base; path = Base.lproj/LaunchScreen.storyboard; sourceTree = "<group>"; };
		1DEE804C26F8263A0008F3C2 /* Info.plist */ = {isa = PBXFileReference; lastKnownFileType = text.plist.xml; path = Info.plist; sourceTree = "<group>"; };
		1DEE805126F8263A0008F3C2 /* demoTests.xctest */ = {isa = PBXFileReference; explicitFileType = wrapper.cfbundle; includeInIndex = 0; path = demoTests.xctest; sourceTree = BUILT_PRODUCTS_DIR; };
		1DEE805526F8263A0008F3C2 /* demoTests.swift */ = {isa = PBXFileReference; lastKnownFileType = sourcecode.swift; path = demoTests.swift; sourceTree = "<group>"; };
		1DEE805726F8263A0008F3C2 /* Info.plist */ = {isa = PBXFileReference; lastKnownFileType = text.plist.xml; path = Info.plist; sourceTree = "<group>"; };
		1DEE805C26F8263A0008F3C2 /* demoUITests.xctest */ = {isa = PBXFileReference; explicitFileType = wrapper.cfbundle; includeInIndex = 0; path = demoUITests.xctest; sourceTree = BUILT_PRODUCTS_DIR; };
		1DEE806026F8263A0008F3C2 /* demoUITests.swift */ = {isa = PBXFileReference; lastKnownFileType = sourcecode.swift; path = demoUITests.swift; sourceTree = "<group>"; };
		1DEE806226F8263A0008F3C2 /* Info.plist */ = {isa = PBXFileReference; lastKnownFileType = text.plist.xml; path = Info.plist; sourceTree = "<group>"; };
		7DB613A85BA7D7342AE82739 /* Pods-demo.release.xcconfig */ = {isa = PBXFileReference; includeInIndex = 1; lastKnownFileType = text.xcconfig; name = "Pods-demo.release.xcconfig"; path = "Target Support Files/Pods-demo/Pods-demo.release.xcconfig"; sourceTree = "<group>"; };
		D35BF4F2E05EC48CA388F1A5 /* Pods-demo.debug.xcconfig */ = {isa = PBXFileReference; includeInIndex = 1; lastKnownFileType = text.xcconfig; name = "Pods-demo.debug.xcconfig"; path = "Target Support Files/Pods-demo/Pods-demo.debug.xcconfig"; sourceTree = "<group>"; };
		FCE615676CF6C8A591953A4A /* Pods_demo.framework */ = {isa = PBXFileReference; explicitFileType = wrapper.framework; includeInIndex = 0; path = Pods_demo.framework; sourceTree = BUILT_PRODUCTS_DIR; };
/* End PBXFileReference section */

/* Begin PBXFrameworksBuildPhase section */
		1DEE803826F826390008F3C2 /* Frameworks */ = {
			isa = PBXFrameworksBuildPhase;
			buildActionMask = 2147483647;
			files = (
				CF969F16B44672F33530DBB0 /* Pods_demo.framework in Frameworks */,
			);
			runOnlyForDeploymentPostprocessing = 0;
		};
		1DEE804E26F8263A0008F3C2 /* Frameworks */ = {
			isa = PBXFrameworksBuildPhase;
			buildActionMask = 2147483647;
			files = (
			);
			runOnlyForDeploymentPostprocessing = 0;
		};
		1DEE805926F8263A0008F3C2 /* Frameworks */ = {
			isa = PBXFrameworksBuildPhase;
			buildActionMask = 2147483647;
			files = (
			);
			runOnlyForDeploymentPostprocessing = 0;
		};
/* End PBXFrameworksBuildPhase section */

/* Begin PBXGroup section */
		1DEE803226F826390008F3C2 = {
			isa = PBXGroup;
			children = (
				1DEE803D26F826390008F3C2 /* demo */,
				1DEE805426F8263A0008F3C2 /* demoTests */,
				1DEE805F26F8263A0008F3C2 /* demoUITests */,
				1DEE803C26F826390008F3C2 /* Products */,
				20454F26730C214F6A3BB010 /* Pods */,
				C5DE692CE6D147666FAE3D1A /* Frameworks */,
			);
			sourceTree = "<group>";
		};
		1DEE803C26F826390008F3C2 /* Products */ = {
			isa = PBXGroup;
			children = (
				1DEE803B26F826390008F3C2 /* demo.app */,
				1DEE805126F8263A0008F3C2 /* demoTests.xctest */,
				1DEE805C26F8263A0008F3C2 /* demoUITests.xctest */,
			);
			name = Products;
			sourceTree = "<group>";
		};
		1DEE803D26F826390008F3C2 /* demo */ = {
			isa = PBXGroup;
			children = (
				1DEE803E26F826390008F3C2 /* AppDelegate.swift */,
				1DEE804026F826390008F3C2 /* SceneDelegate.swift */,
				1DEE804226F826390008F3C2 /* ViewController.swift */,
				1DEE804426F826390008F3C2 /* Main.storyboard */,
				1DEE804726F8263A0008F3C2 /* Assets.xcassets */,
				1DEE804926F8263A0008F3C2 /* LaunchScreen.storyboard */,
				1DEE804C26F8263A0008F3C2 /* Info.plist */,
				1D82116626F86D00007630FB /* Localizable.strings */,
			);
			path = demo;
			sourceTree = "<group>";
		};
		1DEE805426F8263A0008F3C2 /* demoTests */ = {
			isa = PBXGroup;
			children = (
				1DEE805526F8263A0008F3C2 /* demoTests.swift */,
				1DEE805726F8263A0008F3C2 /* Info.plist */,
			);
			path = demoTests;
			sourceTree = "<group>";
		};
		1DEE805F26F8263A0008F3C2 /* demoUITests */ = {
			isa = PBXGroup;
			children = (
				1DEE806026F8263A0008F3C2 /* demoUITests.swift */,
				1DEE806226F8263A0008F3C2 /* Info.plist */,
			);
			path = demoUITests;
			sourceTree = "<group>";
		};
		20454F26730C214F6A3BB010 /* Pods */ = {
			isa = PBXGroup;
			children = (
				D35BF4F2E05EC48CA388F1A5 /* Pods-demo.debug.xcconfig */,
				7DB613A85BA7D7342AE82739 /* Pods-demo.release.xcconfig */,
			);
			path = Pods;
			sourceTree = "<group>";
		};
		C5DE692CE6D147666FAE3D1A /* Frameworks */ = {
			isa = PBXGroup;
			children = (
				FCE615676CF6C8A591953A4A /* Pods_demo.framework */,
			);
			name = Frameworks;
			sourceTree = "<group>";
		};
/* End PBXGroup section */

/* Begin PBXNativeTarget section */
		1DEE803A26F826390008F3C2 /* demo */ = {
			isa = PBXNativeTarget;
			buildConfigurationList = 1DEE806526F8263A0008F3C2 /* Build configuration list for PBXNativeTarget "demo" */;
			buildPhases = (
				16196427B2D33A8EB056809D /* [CP] Check Pods Manifest.lock */,
				1DEE803726F826390008F3C2 /* Sources */,
				1DEE803826F826390008F3C2 /* Frameworks */,
				1DEE803926F826390008F3C2 /* Resources */,
				D8EF4C3A2F5EB40C1AE25353 /* [CP] Embed Pods Frameworks */,
			);
			buildRules = (
			);
			dependencies = (
			);
			name = demo;
			productName = demo;
			productReference = 1DEE803B26F826390008F3C2 /* demo.app */;
			productType = "com.apple.product-type.application";
		};
		1DEE805026F8263A0008F3C2 /* demoTests */ = {
			isa = PBXNativeTarget;
			buildConfigurationList = 1DEE806826F8263A0008F3C2 /* Build configuration list for PBXNativeTarget "demoTests" */;
			buildPhases = (
				1DEE804D26F8263A0008F3C2 /* Sources */,
				1DEE804E26F8263A0008F3C2 /* Frameworks */,
				1DEE804F26F8263A0008F3C2 /* Resources */,
			);
			buildRules = (
			);
			dependencies = (
				1DEE805326F8263A0008F3C2 /* PBXTargetDependency */,
			);
			name = demoTests;
			productName = demoTests;
			productReference = 1DEE805126F8263A0008F3C2 /* demoTests.xctest */;
			productType = "com.apple.product-type.bundle.unit-test";
		};
		1DEE805B26F8263A0008F3C2 /* demoUITests */ = {
			isa = PBXNativeTarget;
			buildConfigurationList = 1DEE806B26F8263A0008F3C2 /* Build configuration list for PBXNativeTarget "demoUITests" */;
			buildPhases = (
				1DEE805826F8263A0008F3C2 /* Sources */,
				1DEE805926F8263A0008F3C2 /* Frameworks */,
				1DEE805A26F8263A0008F3C2 /* Resources */,
			);
			buildRules = (
			);
			dependencies = (
				1DEE805E26F8263A0008F3C2 /* PBXTargetDependency */,
			);
			name = demoUITests;
			productName = demoUITests;
			productReference = 1DEE805C26F8263A0008F3C2 /* demoUITests.xctest */;
			productType = "com.apple.product-type.bundle.ui-testing";
		};
/* End PBXNativeTarget section */

/* Begin PBXProject section */
		1DEE803326F826390008F3C2 /* Project object */ = {
			isa = PBXProject;
			attributes = {
				LastSwiftUpdateCheck = 1250;
				LastUpgradeCheck = 1250;
				TargetAttributes = {
					1DEE803A26F826390008F3C2 = {
						CreatedOnToolsVersion = 12.5.1;
					};
					1DEE805026F8263A0008F3C2 = {
						CreatedOnToolsVersion = 12.5.1;
						TestTargetID = 1DEE803A26F826390008F3C2;
					};
					1DEE805B26F8263A0008F3C2 = {
						CreatedOnToolsVersion = 12.5.1;
						TestTargetID = 1DEE803A26F826390008F3C2;
					};
				};
			};
			buildConfigurationList = 1DEE803626F826390008F3C2 /* Build configuration list for PBXProject "demo" */;
			compatibilityVersion = "Xcode 9.3";
			developmentRegion = en;
			hasScannedForEncodings = 0;
			knownRegions = (
				en,
				Base,
				"zh-Hans",
			);
			mainGroup = 1DEE803226F826390008F3C2;
			productRefGroup = 1DEE803C26F826390008F3C2 /* Products */;
			projectDirPath = "";
			projectRoot = "";
			targets = (
				1DEE803A26F826390008F3C2 /* demo */,
				1DEE805026F8263A0008F3C2 /* demoTests */,
				1DEE805B26F8263A0008F3C2 /* demoUITests */,
			);
		};
/* End PBXProject section */

/* Begin PBXResourcesBuildPhase section */
		1DEE803926F826390008F3C2 /* Resources */ = {
			isa = PBXResourcesBuildPhase;
			buildActionMask = 2147483647;
			files = (
				1DEE804B26F8263A0008F3C2 /* LaunchScreen.storyboard in Resources */,
				1D82116426F86D00007630FB /* Localizable.strings in Resources */,
				1DEE804826F8263A0008F3C2 /* Assets.xcassets in Resources */,
				1DEE804626F826390008F3C2 /* Main.storyboard in Resources */,
			);
			runOnlyForDeploymentPostprocessing = 0;
		};
		1DEE804F26F8263A0008F3C2 /* Resources */ = {
			isa = PBXResourcesBuildPhase;
			buildActionMask = 2147483647;
			files = (
			);
			runOnlyForDeploymentPostprocessing = 0;
		};
		1DEE805A26F8263A0008F3C2 /* Resources */ = {
			isa = PBXResourcesBuildPhase;
			buildActionMask = 2147483647;
			files = (
			);
			runOnlyForDeploymentPostprocessing = 0;
		};
/* End PBXResourcesBuildPhase section */

/* Begin PBXShellScriptBuildPhase section */
		16196427B2D33A8EB056809D /* [CP] Check Pods Manifest.lock */ = {
			isa = PBXShellScriptBuildPhase;
			buildActionMask = 2147483647;
			files = (
			);
			inputFileListPaths = (
			);
			inputPaths = (
				"${PODS_PODFILE_DIR_PATH}/Podfile.lock",
				"${PODS_ROOT}/Manifest.lock",
			);
			name = "[CP] Check Pods Manifest.lock";
			outputFileListPaths = (
			);
			outputPaths = (
				"$(DERIVED_FILE_DIR)/Pods-demo-checkManifestLockResult.txt",
			);
			runOnlyForDeploymentPostprocessing = 0;
			shellPath = /bin/sh;
			shellScript = "diff \"${PODS_PODFILE_DIR_PATH}/Podfile.lock\" \"${PODS_ROOT}/Manifest.lock\" > /dev/null\nif [ $? != 0 ] ; then\n    # print error to STDERR\n    echo \"error: The sandbox is not in sync with the Podfile.lock. Run 'pod install' or update your CocoaPods installation.\" >&2\n    exit 1\nfi\n# This output is used by Xcode 'outputs' to avoid re-running this script phase.\necho \"SUCCESS\" > \"${SCRIPT_OUTPUT_FILE_0}\"\n";
			showEnvVarsInLog = 0;
		};
		D8EF4C3A2F5EB40C1AE25353 /* [CP] Embed Pods Frameworks */ = {
			isa = PBXShellScriptBuildPhase;
			buildActionMask = 2147483647;
			files = (
			);
			inputFileListPaths = (
				"${PODS_ROOT}/Target Support Files/Pods-demo/Pods-demo-frameworks-${CONFIGURATION}-input-files.xcfilelist",
			);
			name = "[CP] Embed Pods Frameworks";
			outputFileListPaths = (
				"${PODS_ROOT}/Target Support Files/Pods-demo/Pods-demo-frameworks-${CONFIGURATION}-output-files.xcfilelist",
			);
			runOnlyForDeploymentPostprocessing = 0;
			shellPath = /bin/sh;
			shellScript = "\"${PODS_ROOT}/Target Support Files/Pods-demo/Pods-demo-frameworks.sh\"\n";
			showEnvVarsInLog = 0;
		};
/* End PBXShellScriptBuildPhase section */

/* Begin PBXSourcesBuildPhase section */
		1DEE803726F826390008F3C2 /* Sources */ = {
			isa = PBXSourcesBuildPhase;
			buildActionMask = 2147483647;
			files = (
				1DEE804326F826390008F3C2 /* ViewController.swift in Sources */,
				1DEE803F26F826390008F3C2 /* AppDelegate.swift in Sources */,
				1DEE804126F826390008F3C2 /* SceneDelegate.swift in Sources */,
			);
			runOnlyForDeploymentPostprocessing = 0;
		};
		1DEE804D26F8263A0008F3C2 /* Sources */ = {
			isa = PBXSourcesBuildPhase;
			buildActionMask = 2147483647;
			files = (
				1DEE805626F8263A0008F3C2 /* demoTests.swift in Sources */,
			);
			runOnlyForDeploymentPostprocessing = 0;
		};
		1DEE805826F8263A0008F3C2 /* Sources */ = {
			isa = PBXSourcesBuildPhase;
			buildActionMask = 2147483647;
			files = (
				1DEE806126F8263A0008F3C2 /* demoUITests.swift in Sources */,
			);
			runOnlyForDeploymentPostprocessing = 0;
		};
/* End PBXSourcesBuildPhase section */

/* Begin PBXTargetDependency section */
		1DEE805326F8263A0008F3C2 /* PBXTargetDependency */ = {
			isa = PBXTargetDependency;
			target = 1DEE803A26F826390008F3C2 /* demo */;
			targetProxy = 1DEE805226F8263A0008F3C2 /* PBXContainerItemProxy */;
		};
		1DEE805E26F8263A0008F3C2 /* PBXTargetDependency */ = {
			isa = PBXTargetDependency;
			target = 1DEE803A26F826390008F3C2 /* demo */;
			targetProxy = 1DEE805D26F8263A0008F3C2 /* PBXContainerItemProxy */;
		};
/* End PBXTargetDependency section */

/* Begin PBXVariantGroup section */
		1D82116626F86D00007630FB /* Localizable.strings */ = {
			isa = PBXVariantGroup;
			children = (
				1D82116526F86D00007630FB /* en */,
				1D82116726F86D04007630FB /* zh-Hans */,
			);
			name = Localizable.strings;
			sourceTree = "<group>";
		};
		1DEE804426F826390008F3C2 /* Main.storyboard */ = {
			isa = PBXVariantGroup;
			children = (
				1DEE804526F826390008F3C2 /* Base */,
				1D82116226F86CF6007630FB /* zh-Hans */,
			);
			name = Main.storyboard;
			sourceTree = "<group>";
		};
		1DEE804926F8263A0008F3C2 /* LaunchScreen.storyboard */ = {
			isa = PBXVariantGroup;
			children = (
				1DEE804A26F8263A0008F3C2 /* Base */,
				1D82116326F86CF6007630FB /* zh-Hans */,
			);
			name = LaunchScreen.storyboard;
			sourceTree = "<group>";
		};
/* End PBXVariantGroup section */

/* Begin XCBuildConfiguration section */
		1DEE806326F8263A0008F3C2 /* Debug */ = {
			isa = XCBuildConfiguration;
			buildSettings = {
				ALWAYS_SEARCH_USER_PATHS = NO;
				CLANG_ANALYZER_LOCALIZABILITY_NONLOCALIZED = YES;
				CLANG_ANALYZER_NONNULL = YES;
				CLANG_ANALYZER_NUMBER_OBJECT_CONVERSION = YES_AGGRESSIVE;
				CLANG_CXX_LANGUAGE_STANDARD = "gnu++14";
				CLANG_CXX_LIBRARY = "libc++";
				CLANG_ENABLE_MODULES = YES;
				CLANG_ENABLE_OBJC_ARC = YES;
				CLANG_ENABLE_OBJC_WEAK = YES;
				CLANG_WARN_BLOCK_CAPTURE_AUTORELEASING = YES;
				CLANG_WARN_BOOL_CONVERSION = YES;
				CLANG_WARN_COMMA = YES;
				CLANG_WARN_CONSTANT_CONVERSION = YES;
				CLANG_WARN_DEPRECATED_OBJC_IMPLEMENTATIONS = YES;
				CLANG_WARN_DIRECT_OBJC_ISA_USAGE = YES_ERROR;
				CLANG_WARN_DOCUMENTATION_COMMENTS = YES;
				CLANG_WARN_EMPTY_BODY = YES;
				CLANG_WARN_ENUM_CONVERSION = YES;
				CLANG_WARN_INFINITE_RECURSION = YES;
				CLANG_WARN_INT_CONVERSION = YES;
				CLANG_WARN_NON_LITERAL_NULL_CONVERSION = YES;
				CLANG_WARN_OBJC_IMPLICIT_RETAIN_SELF = YES;
				CLANG_WARN_OBJC_LITERAL_CONVERSION = YES;
				CLANG_WARN_OBJC_ROOT_CLASS = YES_ERROR;
				CLANG_WARN_QUOTED_INCLUDE_IN_FRAMEWORK_HEADER = YES;
				CLANG_WARN_RANGE_LOOP_ANALYSIS = YES;
				CLANG_WARN_STRICT_PROTOTYPES = YES;
				CLANG_WARN_SUSPICIOUS_MOVE = YES;
				CLANG_WARN_UNGUARDED_AVAILABILITY = YES_AGGRESSIVE;
				CLANG_WARN_UNREACHABLE_CODE = YES;
				CLANG_WARN__DUPLICATE_METHOD_MATCH = YES;
				COPY_PHASE_STRIP = NO;
				DEBUG_INFORMATION_FORMAT = dwarf;
				ENABLE_STRICT_OBJC_MSGSEND = YES;
				ENABLE_TESTABILITY = YES;
				GCC_C_LANGUAGE_STANDARD = gnu11;
				GCC_DYNAMIC_NO_PIC = NO;
				GCC_NO_COMMON_BLOCKS = YES;
				GCC_OPTIMIZATION_LEVEL = 0;
				GCC_PREPROCESSOR_DEFINITIONS = (
					"DEBUG=1",
					"$(inherited)",
				);
				GCC_WARN_64_TO_32_BIT_CONVERSION = YES;
				GCC_WARN_ABOUT_RETURN_TYPE = YES_ERROR;
				GCC_WARN_UNDECLARED_SELECTOR = YES;
				GCC_WARN_UNINITIALIZED_AUTOS = YES_AGGRESSIVE;
				GCC_WARN_UNUSED_FUNCTION = YES;
				GCC_WARN_UNUSED_VARIABLE = YES;
				IPHONEOS_DEPLOYMENT_TARGET = 14.5;
				MTL_ENABLE_DEBUG_INFO = INCLUDE_SOURCE;
				MTL_FAST_MATH = YES;
				ONLY_ACTIVE_ARCH = YES;
				SDKROOT = iphoneos;
				SWIFT_ACTIVE_COMPILATION_CONDITIONS = DEBUG;
				SWIFT_OPTIMIZATION_LEVEL = "-Onone";
			};
			name = Debug;
		};
		1DEE806426F8263A0008F3C2 /* Release */ = {
			isa = XCBuildConfiguration;
			buildSettings = {
				ALWAYS_SEARCH_USER_PATHS = NO;
				CLANG_ANALYZER_LOCALIZABILITY_NONLOCALIZED = YES;
				CLANG_ANALYZER_NONNULL = YES;
				CLANG_ANALYZER_NUMBER_OBJECT_CONVERSION = YES_AGGRESSIVE;
				CLANG_CXX_LANGUAGE_STANDARD = "gnu++14";
				CLANG_CXX_LIBRARY = "libc++";
				CLANG_ENABLE_MODULES = YES;
				CLANG_ENABLE_OBJC_ARC = YES;
				CLANG_ENABLE_OBJC_WEAK = YES;
				CLANG_WARN_BLOCK_CAPTURE_AUTORELEASING = YES;
				CLANG_WARN_BOOL_CONVERSION = YES;
				CLANG_WARN_COMMA = YES;
				CLANG_WARN_CONSTANT_CONVERSION = YES;
				CLANG_WARN_DEPRECATED_OBJC_IMPLEMENTATIONS = YES;
				CLANG_WARN_DIRECT_OBJC_ISA_USAGE = YES_ERROR;
				CLANG_WARN_DOCUMENTATION_COMMENTS = YES;
				CLANG_WARN_EMPTY_BODY = YES;
				CLANG_WARN_ENUM_CONVERSION = YES;
				CLANG_WARN_INFINITE_RECURSION = YES;
				CLANG_WARN_INT_CONVERSION = YES;
				CLANG_WARN_NON_LITERAL_NULL_CONVERSION = YES;
				CLANG_WARN_OBJC_IMPLICIT_RETAIN_SELF = YES;
				CLANG_WARN_OBJC_LITERAL_CONVERSION = YES;
				CLANG_WARN_OBJC_ROOT_CLASS = YES_ERROR;
				CLANG_WARN_QUOTED_INCLUDE_IN_FRAMEWORK_HEADER = YES;
				CLANG_WARN_RANGE_LOOP_ANALYSIS = YES;
				CLANG_WARN_STRICT_PROTOTYPES = YES;
				CLANG_WARN_SUSPICIOUS_MOVE = YES;
				CLANG_WARN_UNGUARDED_AVAILABILITY = YES_AGGRESSIVE;
				CLANG_WARN_UNREACHABLE_CODE = YES;
				CLANG_WARN__DUPLICATE_METHOD_MATCH = YES;
				COPY_PHASE_STRIP = NO;
				DEBUG_INFORMATION_FORMAT = "dwarf-with-dsym";
				ENABLE_NS_ASSERTIONS = NO;
				ENABLE_STRICT_OBJC_MSGSEND = YES;
				GCC_C_LANGUAGE_STANDARD = gnu11;
				GCC_NO_COMMON_BLOCKS = YES;
				GCC_WARN_64_TO_32_BIT_CONVERSION = YES;
				GCC_WARN_ABOUT_RETURN_TYPE = YES_ERROR;
				GCC_WARN_UNDECLARED_SELECTOR = YES;
				GCC_WARN_UNINITIALIZED_AUTOS = YES_AGGRESSIVE;
				GCC_WARN_UNUSED_FUNCTION = YES;
				GCC_WARN_UNUSED_VARIABLE = YES;
				IPHONEOS_DEPLOYMENT_TARGET = 14.5;
				MTL_ENABLE_DEBUG_INFO = NO;
				MTL_FAST_MATH = YES;
				SDKROOT = iphoneos;
				SWIFT_COMPILATION_MODE = wholemodule;
				SWIFT_OPTIMIZATION_LEVEL = "-O";
				VALIDATE_PRODUCT = YES;
			};
			name = Release;
		};
		1DEE806626F8263A0008F3C2 /* Debug */ = {
			isa = XCBuildConfiguration;
			baseConfigurationReference = D35BF4F2E05EC48CA388F1A5 /* Pods-demo.debug.xcconfig */;
			buildSettings = {
				ASSETCATALOG_COMPILER_APPICON_NAME = AppIcon;
				ASSETCATALOG_COMPILER_GLOBAL_ACCENT_COLOR_NAME = AccentColor;
				CODE_SIGN_STYLE = Automatic;
				DEVELOPMENT_TEAM = BTZX999XZ2;
				INFOPLIST_FILE = demo/Info.plist;
				LD_RUNPATH_SEARCH_PATHS = (
					"$(inherited)",
					"@executable_path/Frameworks",
				);
				PRODUCT_BUNDLE_IDENTIFIER = com.test.stroman.demo;
				PRODUCT_NAME = "$(TARGET_NAME)";
				SWIFT_VERSION = 5.0;
				TARGETED_DEVICE_FAMILY = "1,2";
			};
			name = Debug;
		};
		1DEE806726F8263A0008F3C2 /* Release */ = {
			isa = XCBuildConfiguration;
			baseConfigurationReference = 7DB613A85BA7D7342AE82739 /* Pods-demo.release.xcconfig */;
			buildSettings = {
				ASSETCATALOG_COMPILER_APPICON_NAME = AppIcon;
				ASSETCATALOG_COMPILER_GLOBAL_ACCENT_COLOR_NAME = AccentColor;
				CODE_SIGN_STYLE = Automatic;
				DEVELOPMENT_TEAM = BTZX999XZ2;
				INFOPLIST_FILE = demo/Info.plist;
				LD_RUNPATH_SEARCH_PATHS = (
					"$(inherited)",
					"@executable_path/Frameworks",
				);
				PRODUCT_BUNDLE_IDENTIFIER = com.test.stroman.demo;
				PRODUCT_NAME = "$(TARGET_NAME)";
				SWIFT_VERSION = 5.0;
				TARGETED_DEVICE_FAMILY = "1,2";
			};
			name = Release;
		};
		1DEE806926F8263A0008F3C2 /* Debug */ = {
			isa = XCBuildConfiguration;
			buildSettings = {
				ALWAYS_EMBED_SWIFT_STANDARD_LIBRARIES = YES;
				BUNDLE_LOADER = "$(TEST_HOST)";
				CODE_SIGN_STYLE = Automatic;
				DEVELOPMENT_TEAM = BTZX999XZ2;
				INFOPLIST_FILE = demoTests/Info.plist;
				IPHONEOS_DEPLOYMENT_TARGET = 14.5;
				LD_RUNPATH_SEARCH_PATHS = (
					"$(inherited)",
					"@executable_path/Frameworks",
					"@loader_path/Frameworks",
				);
				PRODUCT_BUNDLE_IDENTIFIER = com.test.stroman.demoTests;
				PRODUCT_NAME = "$(TARGET_NAME)";
				SWIFT_VERSION = 5.0;
				TARGETED_DEVICE_FAMILY = "1,2";
				TEST_HOST = "$(BUILT_PRODUCTS_DIR)/demo.app/demo";
			};
			name = Debug;
		};
		1DEE806A26F8263A0008F3C2 /* Release */ = {
			isa = XCBuildConfiguration;
			buildSettings = {
				ALWAYS_EMBED_SWIFT_STANDARD_LIBRARIES = YES;
				BUNDLE_LOADER = "$(TEST_HOST)";
				CODE_SIGN_STYLE = Automatic;
				DEVELOPMENT_TEAM = BTZX999XZ2;
				INFOPLIST_FILE = demoTests/Info.plist;
				IPHONEOS_DEPLOYMENT_TARGET = 14.5;
				LD_RUNPATH_SEARCH_PATHS = (
					"$(inherited)",
					"@executable_path/Frameworks",
					"@loader_path/Frameworks",
				);
				PRODUCT_BUNDLE_IDENTIFIER = com.test.stroman.demoTests;
				PRODUCT_NAME = "$(TARGET_NAME)";
				SWIFT_VERSION = 5.0;
				TARGETED_DEVICE_FAMILY = "1,2";
				TEST_HOST = "$(BUILT_PRODUCTS_DIR)/demo.app/demo";
			};
			name = Release;
		};
		1DEE806C26F8263A0008F3C2 /* Debug */ = {
			isa = XCBuildConfiguration;
			buildSettings = {
				ALWAYS_EMBED_SWIFT_STANDARD_LIBRARIES = YES;
				CODE_SIGN_STYLE = Automatic;
				DEVELOPMENT_TEAM = BTZX999XZ2;
				INFOPLIST_FILE = demoUITests/Info.plist;
				LD_RUNPATH_SEARCH_PATHS = (
					"$(inherited)",
					"@executable_path/Frameworks",
					"@loader_path/Frameworks",
				);
				PRODUCT_BUNDLE_IDENTIFIER = com.test.stroman.demoUITests;
				PRODUCT_NAME = "$(TARGET_NAME)";
				SWIFT_VERSION = 5.0;
				TARGETED_DEVICE_FAMILY = "1,2";
				TEST_TARGET_NAME = demo;
			};
			name = Debug;
		};
		1DEE806D26F8263A0008F3C2 /* Release */ = {
			isa = XCBuildConfiguration;
			buildSettings = {
				ALWAYS_EMBED_SWIFT_STANDARD_LIBRARIES = YES;
				CODE_SIGN_STYLE = Automatic;
				DEVELOPMENT_TEAM = BTZX999XZ2;
				INFOPLIST_FILE = demoUITests/Info.plist;
				LD_RUNPATH_SEARCH_PATHS = (
					"$(inherited)",
					"@executable_path/Frameworks",
					"@loader_path/Frameworks",
				);
				PRODUCT_BUNDLE_IDENTIFIER = com.test.stroman.demoUITests;
				PRODUCT_NAME = "$(TARGET_NAME)";
				SWIFT_VERSION = 5.0;
				TARGETED_DEVICE_FAMILY = "1,2";
				TEST_TARGET_NAME = demo;
			};
			name = Release;
		};
/* End XCBuildConfiguration section */

/* Begin XCConfigurationList section */
		1DEE803626F826390008F3C2 /* Build configuration list for PBXProject "demo" */ = {
			isa = XCConfigurationList;
			buildConfigurations = (
				1DEE806326F8263A0008F3C2 /* Debug */,
				1DEE806426F8263A0008F3C2 /* Release */,
			);
			defaultConfigurationIsVisible = 0;
			defaultConfigurationName = Release;
		};
		1DEE806526F8263A0008F3C2 /* Build configuration list for PBXNativeTarget "demo" */ = {
			isa = XCConfigurationList;
			buildConfigurations = (
				1DEE806626F8263A0008F3C2 /* Debug */,
				1DEE806726F8263A0008F3C2 /* Release */,
			);
			defaultConfigurationIsVisible = 0;
			defaultConfigurationName = Release;
		};
		1DEE806826F8263A0008F3C2 /* Build configuration list for PBXNativeTarget "demoTests" */ = {
			isa = XCConfigurationList;
			buildConfigurations = (
				1DEE806926F8263A0008F3C2 /* Debug */,
				1DEE806A26F8263A0008F3C2 /* Release */,
			);
			defaultConfigurationIsVisible = 0;
			defaultConfigurationName = Release;
		};
		1DEE806B26F8263A0008F3C2 /* Build configuration list for PBXNativeTarget "demoUITests" */ = {
			isa = XCConfigurationList;
			buildConfigurations = (
				1DEE806C26F8263A0008F3C2 /* Debug */,
				1DEE806D26F8263A0008F3C2 /* Release */,
			);
			defaultConfigurationIsVisible = 0;
			defaultConfigurationName = Release;
		};
/* End XCConfigurationList section */
	};
	rootObject = 1DEE803326F826390008F3C2 /* Project object */;
}
